// !$*UTF8*$!
{
	archiveVersion = 1;
	classes = {
	};
	objectVersion = 46;
	objects = {

/* Begin PBXBuildFile section */
		D22564B01E837FEA0066D1D2 /* main.m in Sources */ = {isa = PBXBuildFile; fileRef = D22564AF1E837FEA0066D1D2 /* main.m */; };
		D22564B31E837FEA0066D1D2 /* AppDelegate.m in Sources */ = {isa = PBXBuildFile; fileRef = D22564B21E837FEA0066D1D2 /* AppDelegate.m */; };
		D22564B61E837FEA0066D1D2 /* ViewController.m in Sources */ = {isa = PBXBuildFile; fileRef = D22564B51E837FEA0066D1D2 /* ViewController.m */; };
		D22564B91E837FEA0066D1D2 /* Main.storyboard in Resources */ = {isa = PBXBuildFile; fileRef = D22564B71E837FEA0066D1D2 /* Main.storyboard */; };
		D22564BB1E837FEA0066D1D2 /* Assets.xcassets in Resources */ = {isa = PBXBuildFile; fileRef = D22564BA1E837FEA0066D1D2 /* Assets.xcassets */; };
		D22564BE1E837FEA0066D1D2 /* LaunchScreen.storyboard in Resources */ = {isa = PBXBuildFile; fileRef = D22564BC1E837FEA0066D1D2 /* LaunchScreen.storyboard */; };
		D22564C91E837FEA0066D1D2 /* XYCornerRadiusTests.m in Sources */ = {isa = PBXBuildFile; fileRef = D22564C81E837FEA0066D1D2 /* XYCornerRadiusTests.m */; };
		D22564D41E837FEA0066D1D2 /* XYCornerRadiusUITests.m in Sources */ = {isa = PBXBuildFile; fileRef = D22564D31E837FEA0066D1D2 /* XYCornerRadiusUITests.m */; };
		D22564E31E83A2ED0066D1D2 /* UIImage+circle.m in Sources */ = {isa = PBXBuildFile; fileRef = D22564E21E83A2ED0066D1D2 /* UIImage+circle.m */; };
		D22564E71E83A8190066D1D2 /* callAd-03.jpg in Resources */ = {isa = PBXBuildFile; fileRef = D22564E61E83A8190066D1D2 /* callAd-03.jpg */; };
/* End PBXBuildFile section */

/* Begin PBXContainerItemProxy section */
		D22564C51E837FEA0066D1D2 /* PBXContainerItemProxy */ = {
			isa = PBXContainerItemProxy;
			containerPortal = D22564A31E837FEA0066D1D2 /* Project object */;
			proxyType = 1;
			remoteGlobalIDString = D22564AA1E837FEA0066D1D2;
			remoteInfo = XYCornerRadius;
		};
		D22564D01E837FEA0066D1D2 /* PBXContainerItemProxy */ = {
			isa = PBXContainerItemProxy;
			containerPortal = D22564A31E837FEA0066D1D2 /* Project object */;
			proxyType = 1;
			remoteGlobalIDString = D22564AA1E837FEA0066D1D2;
			remoteInfo = XYCornerRadius;
		};
/* End PBXContainerItemProxy section */

/* Begin PBXFileReference section */
		D22564AB1E837FEA0066D1D2 /* XYCornerRadius.app */ = {isa = PBXFileReference; explicitFileType = wrapper.application; includeInIndex = 0; path = XYCornerRadius.app; sourceTree = BUILT_PRODUCTS_DIR; };
		D22564AF1E837FEA0066D1D2 /* main.m */ = {isa = PBXFileReference; lastKnownFileType = sourcecode.c.objc; path = main.m; sourceTree = "<group>"; };
		D22564B11E837FEA0066D1D2 /* AppDelegate.h */ = {isa = PBXFileReference; lastKnownFileType = sourcecode.c.h; path = AppDelegate.h; sourceTree = "<group>"; };
		D22564B21E837FEA0066D1D2 /* AppDelegate.m */ = {isa = PBXFileReference; lastKnownFileType = sourcecode.c.objc; path = AppDelegate.m; sourceTree = "<group>"; };
		D22564B41E837FEA0066D1D2 /* ViewController.h */ = {isa = PBXFileReference; lastKnownFileType = sourcecode.c.h; path = ViewController.h; sourceTree = "<group>"; };
		D22564B51E837FEA0066D1D2 /* ViewController.m */ = {isa = PBXFileReference; lastKnownFileType = sourcecode.c.objc; path = ViewController.m; sourceTree = "<group>"; };
		D22564B81E837FEA0066D1D2 /* Base */ = {isa = PBXFileReference; lastKnownFileType = file.storyboard; name = Base; path = Base.lproj/Main.storyboard; sourceTree = "<group>"; };
		D22564BA1E837FEA0066D1D2 /* Assets.xcassets */ = {isa = PBXFileReference; lastKnownFileType = folder.assetcatalog; path = Assets.xcassets; sourceTree = "<group>"; };
		D22564BD1E837FEA0066D1D2 /* Base */ = {isa = PBXFileReference; lastKnownFileType = file.storyboard; name = Base; path = Base.lproj/LaunchScreen.storyboard; sourceTree = "<group>"; };
		D22564BF1E837FEA0066D1D2 /* Info.plist */ = {isa = PBXFileReference; lastKnownFileType = text.plist.xml; path = Info.plist; sourceTree = "<group>"; };
		D22564C41E837FEA0066D1D2 /* XYCornerRadiusTests.xctest */ = {isa = PBXFileReference; explicitFileType = wrapper.cfbundle; includeInIndex = 0; path = XYCornerRadiusTests.xctest; sourceTree = BUILT_PRODUCTS_DIR; };
		D22564C81E837FEA0066D1D2 /* XYCornerRadiusTests.m */ = {isa = PBXFileReference; lastKnownFileType = sourcecode.c.objc; path = XYCornerRadiusTests.m; sourceTree = "<group>"; };
		D22564CA1E837FEA0066D1D2 /* Info.plist */ = {isa = PBXFileReference; lastKnownFileType = text.plist.xml; path = Info.plist; sourceTree = "<group>"; };
		D22564CF1E837FEA0066D1D2 /* XYCornerRadiusUITests.xctest */ = {isa = PBXFileReference; explicitFileType = wrapper.cfbundle; includeInIndex = 0; path = XYCornerRadiusUITests.xctest; sourceTree = BUILT_PRODUCTS_DIR; };
		D22564D31E837FEA0066D1D2 /* XYCornerRadiusUITests.m */ = {isa = PBXFileReference; lastKnownFileType = sourcecode.c.objc; path = XYCornerRadiusUITests.m; sourceTree = "<group>"; };
		D22564D51E837FEA0066D1D2 /* Info.plist */ = {isa = PBXFileReference; lastKnownFileType = text.plist.xml; path = Info.plist; sourceTree = "<group>"; };
		D22564E11E83A2ED0066D1D2 /* UIImage+circle.h */ = {isa = PBXFileReference; fileEncoding = 4; lastKnownFileType = sourcecode.c.h; path = "UIImage+circle.h"; sourceTree = "<group>"; };
		D22564E21E83A2ED0066D1D2 /* UIImage+circle.m */ = {isa = PBXFileReference; fileEncoding = 4; lastKnownFileType = sourcecode.c.objc; path = "UIImage+circle.m"; sourceTree = "<group>"; };
		D22564E61E83A8190066D1D2 /* callAd-03.jpg */ = {isa = PBXFileReference; lastKnownFileType = image.jpeg; path = "callAd-03.jpg"; sourceTree = "<group>"; };
/* End PBXFileReference section */

/* Begin PBXFrameworksBuildPhase section */
		D22564A81E837FEA0066D1D2 /* Frameworks */ = {
			isa = PBXFrameworksBuildPhase;
			buildActionMask = 2147483647;
			files = (
			);
			runOnlyForDeploymentPostprocessing = 0;
		};
		D22564C11E837FEA0066D1D2 /* Frameworks */ = {
			isa = PBXFrameworksBuildPhase;
			buildActionMask = 2147483647;
			files = (
			);
			runOnlyForDeploymentPostprocessing = 0;
		};
		D22564CC1E837FEA0066D1D2 /* Frameworks */ = {
			isa = PBXFrameworksBuildPhase;
			buildActionMask = 2147483647;
			files = (
			);
			runOnlyForDeploymentPostprocessing = 0;
		};
/* End PBXFrameworksBuildPhase section */

/* Begin PBXGroup section */
		D22564A21E837FEA0066D1D2 = {
			isa = PBXGroup;
			children = (
				D22564AD1E837FEA0066D1D2 /* XYCornerRadius */,
				D22564C71E837FEA0066D1D2 /* XYCornerRadiusTests */,
				D22564D21E837FEA0066D1D2 /* XYCornerRadiusUITests */,
				D22564AC1E837FEA0066D1D2 /* Products */,
			);
			sourceTree = "<group>";
		};
		D22564AC1E837FEA0066D1D2 /* Products */ = {
			isa = PBXGroup;
			children = (
				D22564AB1E837FEA0066D1D2 /* XYCornerRadius.app */,
				D22564C41E837FEA0066D1D2 /* XYCornerRadiusTests.xctest */,
				D22564CF1E837FEA0066D1D2 /* XYCornerRadiusUITests.xctest */,
			);
			name = Products;
			sourceTree = "<group>";
		};
		D22564AD1E837FEA0066D1D2 /* XYCornerRadius */ = {
			isa = PBXGroup;
			children = (
				D22564B11E837FEA0066D1D2 /* AppDelegate.h */,
				D22564B21E837FEA0066D1D2 /* AppDelegate.m */,
				D22564B41E837FEA0066D1D2 /* ViewController.h */,
				D22564B51E837FEA0066D1D2 /* ViewController.m */,
				D22564E11E83A2ED0066D1D2 /* UIImage+circle.h */,
				D22564E21E83A2ED0066D1D2 /* UIImage+circle.m */,
				D22564E61E83A8190066D1D2 /* callAd-03.jpg */,
				D22564B71E837FEA0066D1D2 /* Main.storyboard */,
				D22564BA1E837FEA0066D1D2 /* Assets.xcassets */,
				D22564BC1E837FEA0066D1D2 /* LaunchScreen.storyboard */,
				D22564BF1E837FEA0066D1D2 /* Info.plist */,
				D22564AE1E837FEA0066D1D2 /* Supporting Files */,
			);
			path = XYCornerRadius;
			sourceTree = "<group>";
		};
		D22564AE1E837FEA0066D1D2 /* Supporting Files */ = {
			isa = PBXGroup;
			children = (
				D22564AF1E837FEA0066D1D2 /* main.m */,
			);
			name = "Supporting Files";
			sourceTree = "<group>";
		};
		D22564C71E837FEA0066D1D2 /* XYCornerRadiusTests */ = {
			isa = PBXGroup;
			children = (
				D22564C81E837FEA0066D1D2 /* XYCornerRadiusTests.m */,
				D22564CA1E837FEA0066D1D2 /* Info.plist */,
			);
			path = XYCornerRadiusTests;
			sourceTree = "<group>";
		};
		D22564D21E837FEA0066D1D2 /* XYCornerRadiusUITests */ = {
			isa = PBXGroup;
			children = (
				D22564D31E837FEA0066D1D2 /* XYCornerRadiusUITests.m */,
				D22564D51E837FEA0066D1D2 /* Info.plist */,
			);
			path = XYCornerRadiusUITests;
			sourceTree = "<group>";
		};
/* End PBXGroup section */

/* Begin PBXNativeTarget section */
		D22564AA1E837FEA0066D1D2 /* XYCornerRadius */ = {
			isa = PBXNativeTarget;
			buildConfigurationList = D22564D81E837FEA0066D1D2 /* Build configuration list for PBXNativeTarget "XYCornerRadius" */;
			buildPhases = (
				D22564A71E837FEA0066D1D2 /* Sources */,
				D22564A81E837FEA0066D1D2 /* Frameworks */,
				D22564A91E837FEA0066D1D2 /* Resources */,
			);
			buildRules = (
			);
			dependencies = (
			);
			name = XYCornerRadius;
			productName = XYCornerRadius;
			productReference = D22564AB1E837FEA0066D1D2 /* XYCornerRadius.app */;
			productType = "com.apple.product-type.application";
		};
		D22564C31E837FEA0066D1D2 /* XYCornerRadiusTests */ = {
			isa = PBXNativeTarget;
			buildConfigurationList = D22564DB1E837FEA0066D1D2 /* Build configuration list for PBXNativeTarget "XYCornerRadiusTests" */;
			buildPhases = (
				D22564C01E837FEA0066D1D2 /* Sources */,
				D22564C11E837FEA0066D1D2 /* Frameworks */,
				D22564C21E837FEA0066D1D2 /* Resources */,
			);
			buildRules = (
			);
			dependencies = (
				D22564C61E837FEA0066D1D2 /* PBXTargetDependency */,
			);
			name = XYCornerRadiusTests;
			productName = XYCornerRadiusTests;
			productReference = D22564C41E837FEA0066D1D2 /* XYCornerRadiusTests.xctest */;
			productType = "com.apple.product-type.bundle.unit-test";
		};
		D22564CE1E837FEA0066D1D2 /* XYCornerRadiusUITests */ = {
			isa = PBXNativeTarget;
			buildConfigurationList = D22564DE1E837FEA0066D1D2 /* Build configuration list for PBXNativeTarget "XYCornerRadiusUITests" */;
			buildPhases = (
				D22564CB1E837FEA0066D1D2 /* Sources */,
				D22564CC1E837FEA0066D1D2 /* Frameworks */,
				D22564CD1E837FEA0066D1D2 /* Resources */,
			);
			buildRules = (
			);
			dependencies = (
				D22564D11E837FEA0066D1D2 /* PBXTargetDependency */,
			);
			name = XYCornerRadiusUITests;
			productName = XYCornerRadiusUITests;
			productReference = D22564CF1E837FEA0066D1D2 /* XYCornerRadiusUITests.xctest */;
			productType = "com.apple.product-type.bundle.ui-testing";
		};
/* End PBXNativeTarget section */

/* Begin PBXProject section */
		D22564A31E837FEA0066D1D2 /* Project object */ = {
			isa = PBXProject;
			attributes = {
				LastUpgradeCheck = 0820;
				ORGANIZATIONNAME = com.syt51.net.appstore.personal;
				TargetAttributes = {
					D22564AA1E837FEA0066D1D2 = {
						CreatedOnToolsVersion = 8.2.1;
						DevelopmentTeam = WFHCPNZ7UG;
						ProvisioningStyle = Manual;
					};
					D22564C31E837FEA0066D1D2 = {
						CreatedOnToolsVersion = 8.2.1;
						ProvisioningStyle = Automatic;
						TestTargetID = D22564AA1E837FEA0066D1D2;
					};
					D22564CE1E837FEA0066D1D2 = {
						CreatedOnToolsVersion = 8.2.1;
						ProvisioningStyle = Automatic;
						TestTargetID = D22564AA1E837FEA0066D1D2;
					};
				};
			};
			buildConfigurationList = D22564A61E837FEA0066D1D2 /* Build configuration list for PBXProject "XYCornerRadius" */;
			compatibilityVersion = "Xcode 3.2";
			developmentRegion = English;
			hasScannedForEncodings = 0;
			knownRegions = (
				en,
				Base,
			);
			mainGroup = D22564A21E837FEA0066D1D2;
			productRefGroup = D22564AC1E837FEA0066D1D2 /* Products */;
			projectDirPath = "";
			projectRoot = "";
			targets = (
				D22564AA1E837FEA0066D1D2 /* XYCornerRadius */,
				D22564C31E837FEA0066D1D2 /* XYCornerRadiusTests */,
				D22564CE1E837FEA0066D1D2 /* XYCornerRadiusUITests */,
			);
		};
/* End PBXProject section */

/* Begin PBXResourcesBuildPhase section */
		D22564A91E837FEA0066D1D2 /* Resources */ = {
			isa = PBXResourcesBuildPhase;
			buildActionMask = 2147483647;
			files = (
				D22564BE1E837FEA0066D1D2 /* LaunchScreen.storyboard in Resources */,
				D22564E71E83A8190066D1D2 /* callAd-03.jpg in Resources */,
				D22564BB1E837FEA0066D1D2 /* Assets.xcassets in Resources */,
				D22564B91E837FEA0066D1D2 /* Main.storyboard in Resources */,
			);
			runOnlyForDeploymentPostprocessing = 0;
		};
		D22564C21E837FEA0066D1D2 /* Resources */ = {
			isa = PBXResourcesBuildPhase;
			buildActionMask = 2147483647;
			files = (
			);
			runOnlyForDeploymentPostprocessing = 0;
		};
		D22564CD1E837FEA0066D1D2 /* Resources */ = {
			isa = PBXResourcesBuildPhase;
			buildActionMask = 2147483647;
			files = (
			);
			runOnlyForDeploymentPostprocessing = 0;
		};
/* End PBXResourcesBuildPhase section */

/* Begin PBXSourcesBuildPhase section */
		D22564A71E837FEA0066D1D2 /* Sources */ = {
			isa = PBXSourcesBuildPhase;
			buildActionMask = 2147483647;
			files = (
				D22564B61E837FEA0066D1D2 /* ViewController.m in Sources */,
				D22564E31E83A2ED0066D1D2 /* UIImage+circle.m in Sources */,
				D22564B31E837FEA0066D1D2 /* AppDelegate.m in Sources */,
				D22564B01E837FEA0066D1D2 /* main.m in Sources */,
			);
			runOnlyForDeploymentPostprocessing = 0;
		};
		D22564C01E837FEA0066D1D2 /* Sources */ = {
			isa = PBXSourcesBuildPhase;
			buildActionMask = 2147483647;
			files = (
				D22564C91E837FEA0066D1D2 /* XYCornerRadiusTests.m in Sources */,
			);
			runOnlyForDeploymentPostprocessing = 0;
		};
		D22564CB1E837FEA0066D1D2 /* Sources */ = {
			isa = PBXSourcesBuildPhase;
			buildActionMask = 2147483647;
			files = (
				D22564D41E837FEA0066D1D2 /* XYCornerRadiusUITests.m in Sources */,
			);
			runOnlyForDeploymentPostprocessing = 0;
		};
/* End PBXSourcesBuildPhase section */

/* Begin PBXTargetDependency section */
		D22564C61E837FEA0066D1D2 /* PBXTargetDependency */ = {
			isa = PBXTargetDependency;
			target = D22564AA1E837FEA0066D1D2 /* XYCornerRadius */;
			targetProxy = D22564C51E837FEA0066D1D2 /* PBXContainerItemProxy */;
		};
		D22564D11E837FEA0066D1D2 /* PBXTargetDependency */ = {
			isa = PBXTargetDependency;
			target = D22564AA1E837FEA0066D1D2 /* XYCornerRadius */;
			targetProxy = D22564D01E837FEA0066D1D2 /* PBXContainerItemProxy */;
		};
/* End PBXTargetDependency section */

/* Begin PBXVariantGroup section */
		D22564B71E837FEA0066D1D2 /* Main.storyboard */ = {
			isa = PBXVariantGroup;
			children = (
				D22564B81E837FEA0066D1D2 /* Base */,
			);
			name = Main.storyboard;
			sourceTree = "<group>";
		};
		D22564BC1E837FEA0066D1D2 /* LaunchScreen.storyboard */ = {
			isa = PBXVariantGroup;
			children = (
				D22564BD1E837FEA0066D1D2 /* Base */,
			);
			name = LaunchScreen.storyboard;
			sourceTree = "<group>";
		};
/* End PBXVariantGroup section */

/* Begin XCBuildConfiguration section */
		D22564D61E837FEA0066D1D2 /* Debug */ = {
			isa = XCBuildConfiguration;
			buildSettings = {
				ALWAYS_SEARCH_USER_PATHS = NO;
				CLANG_ANALYZER_NONNULL = YES;
				CLANG_CXX_LANGUAGE_STANDARD = "gnu++0x";
				CLANG_CXX_LIBRARY = "libc++";
				CLANG_ENABLE_MODULES = YES;
				CLANG_ENABLE_OBJC_ARC = YES;
				CLANG_WARN_BOOL_CONVERSION = YES;
				CLANG_WARN_CONSTANT_CONVERSION = YES;
				CLANG_WARN_DIRECT_OBJC_ISA_USAGE = YES_ERROR;
				CLANG_WARN_DOCUMENTATION_COMMENTS = YES;
				CLANG_WARN_EMPTY_BODY = YES;
				CLANG_WARN_ENUM_CONVERSION = YES;
				CLANG_WARN_INFINITE_RECURSION = YES;
				CLANG_WARN_INT_CONVERSION = YES;
				CLANG_WARN_OBJC_ROOT_CLASS = YES_ERROR;
				CLANG_WARN_SUSPICIOUS_MOVE = YES;
				CLANG_WARN_UNREACHABLE_CODE = YES;
				CLANG_WARN__DUPLICATE_METHOD_MATCH = YES;
				"CODE_SIGN_IDENTITY[sdk=iphoneos*]" = "iPhone Developer";
				COPY_PHASE_STRIP = NO;
				DEBUG_INFORMATION_FORMAT = dwarf;
				ENABLE_STRICT_OBJC_MSGSEND = YES;
				ENABLE_TESTABILITY = YES;
				GCC_C_LANGUAGE_STANDARD = gnu99;
				GCC_DYNAMIC_NO_PIC = NO;
				GCC_NO_COMMON_BLOCKS = YES;
				GCC_OPTIMIZATION_LEVEL = 0;
				GCC_PREPROCESSOR_DEFINITIONS = (
					"DEBUG=1",
					"$(inherited)",
				);
				GCC_WARN_64_TO_32_BIT_CONVERSION = YES;
				GCC_WARN_ABOUT_RETURN_TYPE = YES_ERROR;
				GCC_WARN_UNDECLARED_SELECTOR = YES;
				GCC_WARN_UNINITIALIZED_AUTOS = YES_AGGRESSIVE;
				GCC_WARN_UNUSED_FUNCTION = YES;
				GCC_WARN_UNUSED_VARIABLE = YES;
				IPHONEOS_DEPLOYMENT_TARGET = 10.2;
				MTL_ENABLE_DEBUG_INFO = YES;
				ONLY_ACTIVE_ARCH = YES;
				SDKROOT = iphoneos;
			};
			name = Debug;
		};
		D22564D71E837FEA0066D1D2 /* Release */ = {
			isa = XCBuildConfiguration;
			buildSettings = {
				ALWAYS_SEARCH_USER_PATHS = NO;
				CLANG_ANALYZER_NONNULL = YES;
				CLANG_CXX_LANGUAGE_STANDARD = "gnu++0x";
				CLANG_CXX_LIBRARY = "libc++";
				CLANG_ENABLE_MODULES = YES;
				CLANG_ENABLE_OBJC_ARC = YES;
				CLANG_WARN_BOOL_CONVERSION = YES;
				CLANG_WARN_CONSTANT_CONVERSION = YES;
				CLANG_WARN_DIRECT_OBJC_ISA_USAGE = YES_ERROR;
				CLANG_WARN_DOCUMENTATION_COMMENTS = YES;
				CLANG_WARN_EMPTY_BODY = YES;
				CLANG_WARN_ENUM_CONVERSION = YES;
				CLANG_WARN_INFINITE_RECURSION = YES;
				CLANG_WARN_INT_CONVERSION = YES;
				CLANG_WARN_OBJC_ROOT_CLASS = YES_ERROR;
				CLANG_WARN_SUSPICIOUS_MOVE = YES;
				CLANG_WARN_UNREACHABLE_CODE = YES;
				CLANG_WARN__DUPLICATE_METHOD_MATCH = YES;
				"CODE_SIGN_IDENTITY[sdk=iphoneos*]" = "iPhone Developer";
				COPY_PHASE_STRIP = NO;
				DEBUG_INFORMATION_FORMAT = "dwarf-with-dsym";
				ENABLE_NS_ASSERTIONS = NO;
				ENABLE_STRICT_OBJC_MSGSEND = YES;
				GCC_C_LANGUAGE_STANDARD = gnu99;
				GCC_NO_COMMON_BLOCKS = YES;
				GCC_WARN_64_TO_32_BIT_CONVERSION = YES;
				GCC_WARN_ABOUT_RETURN_TYPE = YES_ERROR;
				GCC_WARN_UNDECLARED_SELECTOR = YES;
				GCC_WARN_UNINITIALIZED_AUTOS = YES_AGGRESSIVE;
				GCC_WARN_UNUSED_FUNCTION = YES;
				GCC_WARN_UNUSED_VARIABLE = YES;
				IPHONEOS_DEPLOYMENT_TARGET = 10.2;
				MTL_ENABLE_DEBUG_INFO = NO;
				SDKROOT = iphoneos;
				VALIDATE_PRODUCT = YES;
			};
			name = Release;
		};
		D22564D91E837FEA0066D1D2 /* Debug */ = {
			isa = XCBuildConfiguration;
			buildSettings = {
				ASSETCATALOG_COMPILER_APPICON_NAME = AppIcon;
				"CODE_SIGN_IDENTITY[sdk=iphoneos*]" = "iPhone Developer";
				DEVELOPMENT_TEAM = WFHCPNZ7UG;
				INFOPLIST_FILE = XYCornerRadius/Info.plist;
				IPHONEOS_DEPLOYMENT_TARGET = 9.0;
				LD_RUNPATH_SEARCH_PATHS = "$(inherited) @executable_path/Frameworks";
				PRODUCT_BUNDLE_IDENTIFIER = com.syt51.net.appstore.personal.XYCornerRadius;
				PRODUCT_NAME = "$(TARGET_NAME)";
				PROVISIONING_PROFILE = "c9746b07-bab0-45d9-98ed-3f61bd5d6b98";
				PROVISIONING_PROFILE_SPECIFIER = DEV_FOR_ALL;
			};
			name = Debug;
		};
		D22564DA1E837FEA0066D1D2 /* Release */ = {
			isa = XCBuildConfiguration;
			buildSettings = {
				ASSETCATALOG_COMPILER_APPICON_NAME = AppIcon;
				"CODE_SIGN_IDENTITY[sdk=iphoneos*]" = "iPhone Distribution";
				DEVELOPMENT_TEAM = VMX7EDC863;
				INFOPLIST_FILE = XYCornerRadius/Info.plist;
				IPHONEOS_DEPLOYMENT_TARGET = 9.0;
				LD_RUNPATH_SEARCH_PATHS = "$(inherited) @executable_path/Frameworks";
				PRODUCT_BUNDLE_IDENTIFIER = com.syt51.net.appstore.personal.XYCornerRadius;
				PRODUCT_NAME = "$(TARGET_NAME)";
				PROVISIONING_PROFILE = "51c5610e-efbf-41c9-9a3a-405271b8a2ff";
				PROVISIONING_PROFILE_SPECIFIER = "XC Ad Hoc: *";
			};
			name = Release;
		};
		D22564DC1E837FEA0066D1D2 /* Debug */ = {
			isa = XCBuildConfiguration;
			buildSettings = {
				BUNDLE_LOADER = "$(TEST_HOST)";
				INFOPLIST_FILE = XYCornerRadiusTests/Info.plist;
				LD_RUNPATH_SEARCH_PATHS = "$(inherited) @executable_path/Frameworks @loader_path/Frameworks";
				PRODUCT_BUNDLE_IDENTIFIER = com.syt51.net.appstore.personal.XYCornerRadiusTests;
				PRODUCT_NAME = "$(TARGET_NAME)";
				TEST_HOST = "$(BUILT_PRODUCTS_DIR)/XYCornerRadius.app/XYCornerRadius";
			};
			name = Debug;
		};
		D22564DD1E837FEA0066D1D2 /* Release */ = {
			isa = XCBuildConfiguration;
			buildSettings = {
				BUNDLE_LOADER = "$(TEST_HOST)";
				INFOPLIST_FILE = XYCornerRadiusTests/Info.plist;
				LD_RUNPATH_SEARCH_PATHS = "$(inherited) @executable_path/Frameworks @loader_path/Frameworks";
				PRODUCT_BUNDLE_IDENTIFIER = com.syt51.net.appstore.personal.XYCornerRadiusTests;
				PRODUCT_NAME = "$(TARGET_NAME)";
				TEST_HOST = "$(BUILT_PRODUCTS_DIR)/XYCornerRadius.app/XYCornerRadius";
			};
			name = Release;
		};
		D22564DF1E837FEA0066D1D2 /* Debug */ = {
			isa = XCBuildConfiguration;
			buildSettings = {
				INFOPLIST_FILE = XYCornerRadiusUITests/Info.plist;
				LD_RUNPATH_SEARCH_PATHS = "$(inherited) @executable_path/Frameworks @loader_path/Frameworks";
				PRODUCT_BUNDLE_IDENTIFIER = com.syt51.net.appstore.personal.XYCornerRadiusUITests;
				PRODUCT_NAME = "$(TARGET_NAME)";
				TEST_TARGET_NAME = XYCornerRadius;
			};
			name = Debug;
		};
		D22564E01E837FEA0066D1D2 /* Release */ = {
			isa = XCBuildConfiguration;
			buildSettings = {
				INFOPLIST_FILE = XYCornerRadiusUITests/Info.plist;
				LD_RUNPATH_SEARCH_PATHS = "$(inherited) @executable_path/Frameworks @loader_path/Frameworks";
				PRODUCT_BUNDLE_IDENTIFIER = com.syt51.net.appstore.personal.XYCornerRadiusUITests;
				PRODUCT_NAME = "$(TARGET_NAME)";
				TEST_TARGET_NAME = XYCornerRadius;
			};
			name = Release;
		};
/* End XCBuildConfiguration section */

/* Begin XCConfigurationList section */
		D22564A61E837FEA0066D1D2 /* Build configuration list for PBXProject "XYCornerRadius" */ = {
			isa = XCConfigurationList;
			buildConfigurations = (
				D22564D61E837FEA0066D1D2 /* Debug */,
				D22564D71E837FEA0066D1D2 /* Release */,
			);
			defaultConfigurationIsVisible = 0;
			defaultConfigurationName = Release;
		};
		D22564D81E837FEA0066D1D2 /* Build configuration list for PBXNativeTarget "XYCornerRadius" */ = {
			isa = XCConfigurationList;
			buildConfigurations = (
				D22564D91E837FEA0066D1D2 /* Debug */,
				D22564DA1E837FEA0066D1D2 /* Release */,
			);
			defaultConfigurationIsVisible = 0;
		};
		D22564DB1E837FEA0066D1D2 /* Build configuration list for PBXNativeTarget "XYCornerRadiusTests" */ = {
			isa = XCConfigurationList;
			buildConfigurations = (
				D22564DC1E837FEA0066D1D2 /* Debug */,
				D22564DD1E837FEA0066D1D2 /* Release */,
			);
			defaultConfigurationIsVisible = 0;
		};
		D22564DE1E837FEA0066D1D2 /* Build configuration list for PBXNativeTarget "XYCornerRadiusUITests" */ = {
			isa = XCConfigurationList;
			buildConfigurations = (
				D22564DF1E837FEA0066D1D2 /* Debug */,
				D22564E01E837FEA0066D1D2 /* Release */,
			);
			defaultConfigurationIsVisible = 0;
		};
/* End XCConfigurationList section */
	};
	rootObject = D22564A31E837FEA0066D1D2 /* Project object */;
}
